
Microsoft Visual Studio Solution File, Format Version 12.00
# Visual Studio Version 16
VisualStudioVersion = 16.0.32126.315
MinimumVisualStudioVersion = 10.0.40219.1
Project("{9A19103F-16F7-4668-BE54-9A1E7A4F7556}") = "Garaio.IISParser.Library", "Garaio.IISParser.Library\Garaio.IISParser.Library.csproj", "{F9458F5B-9832-4ECB-ABE8-D6FEF138B4CE}"
EndProject
Project("{9A19103F-16F7-4668-BE54-9A1E7A4F7556}") = "Garaio.IISParser.UI", "Garaio.IISParser.UI\Garaio.IISParser.UI.csproj", "{8D496D4D-6225-4BA7-9675-C816A1424795}"
EndProject
Project("{FAE04EC0-301F-11D3-BF4B-00C04F79EFBC}") = "Garaio.IISParser.Tests", "Garaio.IISParser.Tests\Garaio.IISParser.Tests.csproj", "{8F4CCFF7-F819-454F-92EB-DF86AAA2CA14}"
EndProject
Global
	GlobalSection(SolutionConfigurationPlatforms) = preSolution
		Debug|Any CPU = Debug|Any CPU
		Release|Any CPU = Release|Any CPU
	EndGlobalSection
	GlobalSection(ProjectConfigurationPlatforms) = postSolution
		{F9458F5B-9832-4ECB-ABE8-D6FEF138B4CE}.Debug|Any CPU.ActiveCfg = Debug|Any CPU
		{F9458F5B-9832-4ECB-ABE8-D6FEF138B4CE}.Debug|Any CPU.Build.0 = Debug|Any CPU
		{F9458F5B-9832-4ECB-ABE8-D6FEF138B4CE}.Release|Any CPU.ActiveCfg = Release|Any CPU
		{F9458F5B-9832-4ECB-ABE8-D6FEF138B4CE}.Release|Any CPU.Build.0 = Release|Any CPU
		{8D496D4D-6225-4BA7-9675-C816A1424795}.Debug|Any CPU.ActiveCfg = Debug|Any CPU
		{8D496D4D-6225-4BA7-9675-C816A1424795}.Debug|Any CPU.Build.0 = Debug|Any CPU
		{8D496D4D-6225-4BA7-9675-C816A1424795}.Release|Any CPU.ActiveCfg = Release|Any CPU
		{8D496D4D-6225-4BA7-9675-C816A1424795}.Release|Any CPU.Build.0 = Release|Any CPU
		{8F4CCFF7-F819-454F-92EB-DF86AAA2CA14}.Debug|Any CPU.ActiveCfg = Debug|Any CPU
		{8F4CCFF7-F819-454F-92EB-DF86AAA2CA14}.Debug|Any CPU.Build.0 = Debug|Any CPU
		{8F4CCFF7-F819-454F-92EB-DF86AAA2CA14}.Release|Any CPU.ActiveCfg = Release|Any CPU
		{8F4CCFF7-F819-454F-92EB-DF86AAA2CA14}.Release|Any CPU.Build.0 = Release|Any CPU
	EndGlobalSection
	GlobalSection(SolutionProperties) = preSolution
		HideSolutionNode = FALSE
	EndGlobalSection
	GlobalSection(ExtensibilityGlobals) = postSolution
		SolutionGuid = {26F0C52D-1040-46A1-94C9-90864A6ED7A1}
	EndGlobalSection
EndGlobal
